# This file was autogenerated by Stack.
# You should not edit this file by hand.
# For more information, please see the documentation at:
#   https://docs.haskellstack.org/en/stable/lock_files

packages:
- completed:
    hackage: hostname-1.0@sha256:8203b6ecd14ca1ef12f73a471b0a6a4be3ad4568d8b84f2bc4bc9e0abb8c4153,813
    pantry-tree:
      sha256: 962f3607627035d8da35d0073170e75e736adcc6919a3d96669cbe28bf19468b
      size: 212
  original:
    hackage: hostname-1.0
- completed:
    hackage: netlink-1.1.1.0@sha256:d83424b5ba9921191449e4b1f53c7cba7f4375f2c55a9b737c77e982e1f40d00,3689
    pantry-tree:
      sha256: 42a57a2db0d8b44e04a04905ed56994b7293d2f244595bf3e65480c36d114ac3
      size: 1598
  original:
    hackage: netlink-1.1.1.0@sha256:d83424b5ba9921191449e4b1f53c7cba7f4375f2c55a9b737c77e982e1f40d00
snapshots:
- completed:
    sha256: c11fcbeb1aa12761044755b1109d16952ede2cb6147ebde777dd5cb38f784501
    size: 649333
    url: https://raw.githubusercontent.com/commercialhaskell/stackage-snapshots/master/lts/20/9.yaml
  original:
    url: https://raw.githubusercontent.com/commercialhaskell/stackage-snapshots/master/lts/20/9.yaml
